{
  "name": "@andrewgioia/blog-public",
  "version": "1.0.0",
  "lockfileVersion": 1,
  "requires": true,
  "dependencies": {
    "@andrewgioia/blog": {
      "version": "1.0.0",
      "resolved": "https://registry.npmjs.org/@andrewgioia/blog/-/blog-1.0.0.tgz",
      "integrity": "sha512-FS2TYrAD9f56IGoMYIgkEJ2fnTRVOPqKGtqY81kzJ4FUMQIsPhz1V0G+HWSbIrlM29i3fsHVYEdT5wm8zp9upQ==",
      "requires": {
        "normalize.css": "^8.0.1"
      }
    },
    "normalize.css": {
      "version": "8.0.1",
      "resolved": "https://registry.npmjs.org/normalize.css/-/normalize.css-8.0.1.tgz",
      "integrity": "sha512-qizSNPO93t1YUuUhP22btGOo3chcvDFqFaj2TRybP0DMxkHOCTYwp3n34fel4a31ORXy4m1Xq0Gyqpb5m33qIg=="
    }
  }
}
